// !$*UTF8*$!
{
	archiveVersion = 1;
	classes = {
	};
	objectVersion = 52;
	objects = {

/* Begin PBXBuildFile section */
		7DB7436026B7A715007D7FF9 /* AppDelegate.swift in Sources */ = {isa = PBXBuildFile; fileRef = 7DB7435F26B7A715007D7FF9 /* AppDelegate.swift */; };
		7DB7436226B7A715007D7FF9 /* SceneDelegate.swift in Sources */ = {isa = PBXBuildFile; fileRef = 7DB7436126B7A715007D7FF9 /* SceneDelegate.swift */; };
		7DB7436926B7A717007D7FF9 /* Assets.xcassets in Resources */ = {isa = PBXBuildFile; fileRef = 7DB7436826B7A717007D7FF9 /* Assets.xcassets */; };
		7DB7436C26B7A718007D7FF9 /* LaunchScreen.storyboard in Resources */ = {isa = PBXBuildFile; fileRef = 7DB7436A26B7A718007D7FF9 /* LaunchScreen.storyboard */; };
		7DB7437426B7A7FD007D7FF9 /* BeerListViewController.swift in Sources */ = {isa = PBXBuildFile; fileRef = 7DB7437326B7A7FD007D7FF9 /* BeerListViewController.swift */; };
		7DB7437626B7A8BB007D7FF9 /* BeerListCell.swift in Sources */ = {isa = PBXBuildFile; fileRef = 7DB7437526B7A8BB007D7FF9 /* BeerListCell.swift */; };
		7DB7437826B7AA89007D7FF9 /* Beer.swift in Sources */ = {isa = PBXBuildFile; fileRef = 7DB7437726B7AA89007D7FF9 /* Beer.swift */; };
		7DB7437B26B7EBF7007D7FF9 /* SnapKit in Frameworks */ = {isa = PBXBuildFile; productRef = 7DB7437A26B7EBF7007D7FF9 /* SnapKit */; };
		7DB7437E26B7EC8A007D7FF9 /* Kingfisher in Frameworks */ = {isa = PBXBuildFile; productRef = 7DB7437D26B7EC8A007D7FF9 /* Kingfisher */; };
		7DB7438026B7F651007D7FF9 /* BeerDetailViewController.swift in Sources */ = {isa = PBXBuildFile; fileRef = 7DB7437F26B7F651007D7FF9 /* BeerDetailViewController.swift */; };
/* End PBXBuildFile section */

/* Begin PBXFileReference section */
		7DB7435C26B7A715007D7FF9 /* Brewery.app */ = {isa = PBXFileReference; explicitFileType = wrapper.application; includeInIndex = 0; path = Brewery.app; sourceTree = BUILT_PRODUCTS_DIR; };
		7DB7435F26B7A715007D7FF9 /* AppDelegate.swift */ = {isa = PBXFileReference; lastKnownFileType = sourcecode.swift; path = AppDelegate.swift; sourceTree = "<group>"; };
		7DB7436126B7A715007D7FF9 /* SceneDelegate.swift */ = {isa = PBXFileReference; lastKnownFileType = sourcecode.swift; path = SceneDelegate.swift; sourceTree = "<group>"; };
		7DB7436826B7A717007D7FF9 /* Assets.xcassets */ = {isa = PBXFileReference; lastKnownFileType = folder.assetcatalog; path = Assets.xcassets; sourceTree = "<group>"; };
		7DB7436B26B7A718007D7FF9 /* Base */ = {isa = PBXFileReference; lastKnownFileType = file.storyboard; name = Base; path = Base.lproj/LaunchScreen.storyboard; sourceTree = "<group>"; };
		7DB7436D26B7A718007D7FF9 /* Info.plist */ = {isa = PBXFileReference; lastKnownFileType = text.plist.xml; path = Info.plist; sourceTree = "<group>"; };
		7DB7437326B7A7FD007D7FF9 /* BeerListViewController.swift */ = {isa = PBXFileReference; lastKnownFileType = sourcecode.swift; path = BeerListViewController.swift; sourceTree = "<group>"; };
		7DB7437526B7A8BB007D7FF9 /* BeerListCell.swift */ = {isa = PBXFileReference; lastKnownFileType = sourcecode.swift; path = BeerListCell.swift; sourceTree = "<group>"; };
		7DB7437726B7AA89007D7FF9 /* Beer.swift */ = {isa = PBXFileReference; lastKnownFileType = sourcecode.swift; path = Beer.swift; sourceTree = "<group>"; };
		7DB7437F26B7F651007D7FF9 /* BeerDetailViewController.swift */ = {isa = PBXFileReference; lastKnownFileType = sourcecode.swift; path = BeerDetailViewController.swift; sourceTree = "<group>"; };
/* End PBXFileReference section */

/* Begin PBXFrameworksBuildPhase section */
		7DB7435926B7A715007D7FF9 /* Frameworks */ = {
			isa = PBXFrameworksBuildPhase;
			buildActionMask = 2147483647;
			files = (
				7DB7437E26B7EC8A007D7FF9 /* Kingfisher in Frameworks */,
				7DB7437B26B7EBF7007D7FF9 /* SnapKit in Frameworks */,
			);
			runOnlyForDeploymentPostprocessing = 0;
		};
/* End PBXFrameworksBuildPhase section */

/* Begin PBXGroup section */
		7DB7435326B7A715007D7FF9 = {
			isa = PBXGroup;
			children = (
				7DB7435E26B7A715007D7FF9 /* Brewery */,
				7DB7435D26B7A715007D7FF9 /* Products */,
			);
			sourceTree = "<group>";
		};
		7DB7435D26B7A715007D7FF9 /* Products */ = {
			isa = PBXGroup;
			children = (
				7DB7435C26B7A715007D7FF9 /* Brewery.app */,
			);
			name = Products;
			sourceTree = "<group>";
		};
		7DB7435E26B7A715007D7FF9 /* Brewery */ = {
			isa = PBXGroup;
			children = (
				7DB7435F26B7A715007D7FF9 /* AppDelegate.swift */,
				7DB7436126B7A715007D7FF9 /* SceneDelegate.swift */,
				7DB7437326B7A7FD007D7FF9 /* BeerListViewController.swift */,
				7DB7437F26B7F651007D7FF9 /* BeerDetailViewController.swift */,
				7DB7437726B7AA89007D7FF9 /* Beer.swift */,
				7DB7437526B7A8BB007D7FF9 /* BeerListCell.swift */,
				7DB7436826B7A717007D7FF9 /* Assets.xcassets */,
				7DB7436A26B7A718007D7FF9 /* LaunchScreen.storyboard */,
				7DB7436D26B7A718007D7FF9 /* Info.plist */,
			);
			path = Brewery;
			sourceTree = "<group>";
		};
/* End PBXGroup section */

/* Begin PBXNativeTarget section */
		7DB7435B26B7A715007D7FF9 /* Brewery */ = {
			isa = PBXNativeTarget;
			buildConfigurationList = 7DB7437026B7A718007D7FF9 /* Build configuration list for PBXNativeTarget "Brewery" */;
			buildPhases = (
				7DB7435826B7A715007D7FF9 /* Sources */,
				7DB7435926B7A715007D7FF9 /* Frameworks */,
				7DB7435A26B7A715007D7FF9 /* Resources */,
			);
			buildRules = (
			);
			dependencies = (
			);
			name = Brewery;
			packageProductDependencies = (
				7DB7437A26B7EBF7007D7FF9 /* SnapKit */,
				7DB7437D26B7EC8A007D7FF9 /* Kingfisher */,
			);
			productName = Brewery;
			productReference = 7DB7435C26B7A715007D7FF9 /* Brewery.app */;
			productType = "com.apple.product-type.application";
		};
/* End PBXNativeTarget section */

/* Begin PBXProject section */
		7DB7435426B7A715007D7FF9 /* Project object */ = {
			isa = PBXProject;
			attributes = {
				LastSwiftUpdateCheck = 1250;
				LastUpgradeCheck = 1250;
				TargetAttributes = {
					7DB7435B26B7A715007D7FF9 = {
						CreatedOnToolsVersion = 12.5.1;
					};
				};
			};
			buildConfigurationList = 7DB7435726B7A715007D7FF9 /* Build configuration list for PBXProject "Brewery" */;
			compatibilityVersion = "Xcode 9.3";
			developmentRegion = en;
			hasScannedForEncodings = 0;
			knownRegions = (
				en,
				Base,
			);
			mainGroup = 7DB7435326B7A715007D7FF9;
			packageReferences = (
				7DB7437926B7EBF7007D7FF9 /* XCRemoteSwiftPackageReference "SnapKit" */,
				7DB7437C26B7EC8A007D7FF9 /* XCRemoteSwiftPackageReference "Kingfisher" */,
			);
			productRefGroup = 7DB7435D26B7A715007D7FF9 /* Products */;
			projectDirPath = "";
			projectRoot = "";
			targets = (
				7DB7435B26B7A715007D7FF9 /* Brewery */,
			);
		};
/* End PBXProject section */

/* Begin PBXResourcesBuildPhase section */
		7DB7435A26B7A715007D7FF9 /* Resources */ = {
			isa = PBXResourcesBuildPhase;
			buildActionMask = 2147483647;
			files = (
				7DB7436C26B7A718007D7FF9 /* LaunchScreen.storyboard in Resources */,
				7DB7436926B7A717007D7FF9 /* Assets.xcassets in Resources */,
			);
			runOnlyForDeploymentPostprocessing = 0;
		};
/* End PBXResourcesBuildPhase section */

/* Begin PBXSourcesBuildPhase section */
		7DB7435826B7A715007D7FF9 /* Sources */ = {
			isa = PBXSourcesBuildPhase;
			buildActionMask = 2147483647;
			files = (
				7DB7437426B7A7FD007D7FF9 /* BeerListViewController.swift in Sources */,
				7DB7438026B7F651007D7FF9 /* BeerDetailViewController.swift in Sources */,
				7DB7436026B7A715007D7FF9 /* AppDelegate.swift in Sources */,
				7DB7437826B7AA89007D7FF9 /* Beer.swift in Sources */,
				7DB7436226B7A715007D7FF9 /* SceneDelegate.swift in Sources */,
				7DB7437626B7A8BB007D7FF9 /* BeerListCell.swift in Sources */,
			);
			runOnlyForDeploymentPostprocessing = 0;
		};
/* End PBXSourcesBuildPhase section */

/* Begin PBXVariantGroup section */
		7DB7436A26B7A718007D7FF9 /* LaunchScreen.storyboard */ = {
			isa = PBXVariantGroup;
			children = (
				7DB7436B26B7A718007D7FF9 /* Base */,
			);
			name = LaunchScreen.storyboard;
			sourceTree = "<group>";
		};
/* End PBXVariantGroup section */

/* Begin XCBuildConfiguration section */
		7DB7436E26B7A718007D7FF9 /* Debug */ = {
			isa = XCBuildConfiguration;
			buildSettings = {
				ALWAYS_SEARCH_USER_PATHS = NO;
				CLANG_ANALYZER_NONNULL = YES;
				CLANG_ANALYZER_NUMBER_OBJECT_CONVERSION = YES_AGGRESSIVE;
				CLANG_CXX_LANGUAGE_STANDARD = "gnu++14";
				CLANG_CXX_LIBRARY = "libc++";
				CLANG_ENABLE_MODULES = YES;
				CLANG_ENABLE_OBJC_ARC = YES;
				CLANG_ENABLE_OBJC_WEAK = YES;
				CLANG_WARN_BLOCK_CAPTURE_AUTORELEASING = YES;
				CLANG_WARN_BOOL_CONVERSION = YES;
				CLANG_WARN_COMMA = YES;
				CLANG_WARN_CONSTANT_CONVERSION = YES;
				CLANG_WARN_DEPRECATED_OBJC_IMPLEMENTATIONS = YES;
				CLANG_WARN_DIRECT_OBJC_ISA_USAGE = YES_ERROR;
				CLANG_WARN_DOCUMENTATION_COMMENTS = YES;
				CLANG_WARN_EMPTY_BODY = YES;
				CLANG_WARN_ENUM_CONVERSION = YES;
				CLANG_WARN_INFINITE_RECURSION = YES;
				CLANG_WARN_INT_CONVERSION = YES;
				CLANG_WARN_NON_LITERAL_NULL_CONVERSION = YES;
				CLANG_WARN_OBJC_IMPLICIT_RETAIN_SELF = YES;
				CLANG_WARN_OBJC_LITERAL_CONVERSION = YES;
				CLANG_WARN_OBJC_ROOT_CLASS = YES_ERROR;
				CLANG_WARN_QUOTED_INCLUDE_IN_FRAMEWORK_HEADER = YES;
				CLANG_WARN_RANGE_LOOP_ANALYSIS = YES;
				CLANG_WARN_STRICT_PROTOTYPES = YES;
				CLANG_WARN_SUSPICIOUS_MOVE = YES;
				CLANG_WARN_UNGUARDED_AVAILABILITY = YES_AGGRESSIVE;
				CLANG_WARN_UNREACHABLE_CODE = YES;
				CLANG_WARN__DUPLICATE_METHOD_MATCH = YES;
				COPY_PHASE_STRIP = NO;
				DEBUG_INFORMATION_FORMAT = dwarf;
				ENABLE_STRICT_OBJC_MSGSEND = YES;
				ENABLE_TESTABILITY = YES;
				GCC_C_LANGUAGE_STANDARD = gnu11;
				GCC_DYNAMIC_NO_PIC = NO;
				GCC_NO_COMMON_BLOCKS = YES;
				GCC_OPTIMIZATION_LEVEL = 0;
				GCC_PREPROCESSOR_DEFINITIONS = (
					"DEBUG=1",
					"$(inherited)",
				);
				GCC_WARN_64_TO_32_BIT_CONVERSION = YES;
				GCC_WARN_ABOUT_RETURN_TYPE = YES_ERROR;
				GCC_WARN_UNDECLARED_SELECTOR = YES;
				GCC_WARN_UNINITIALIZED_AUTOS = YES_AGGRESSIVE;
				GCC_WARN_UNUSED_FUNCTION = YES;
				GCC_WARN_UNUSED_VARIABLE = YES;
				IPHONEOS_DEPLOYMENT_TARGET = 14.5;
				MTL_ENABLE_DEBUG_INFO = INCLUDE_SOURCE;
				MTL_FAST_MATH = YES;
				ONLY_ACTIVE_ARCH = YES;
				SDKROOT = iphoneos;
				SWIFT_ACTIVE_COMPILATION_CONDITIONS = DEBUG;
				SWIFT_OPTIMIZATION_LEVEL = "-Onone";
			};
			name = Debug;
		};
		7DB7436F26B7A718007D7FF9 /* Release */ = {
			isa = XCBuildConfiguration;
			buildSettings = {
				ALWAYS_SEARCH_USER_PATHS = NO;
				CLANG_ANALYZER_NONNULL = YES;
				CLANG_ANALYZER_NUMBER_OBJECT_CONVERSION = YES_AGGRESSIVE;
				CLANG_CXX_LANGUAGE_STANDARD = "gnu++14";
				CLANG_CXX_LIBRARY = "libc++";
				CLANG_ENABLE_MODULES = YES;
				CLANG_ENABLE_OBJC_ARC = YES;
				CLANG_ENABLE_OBJC_WEAK = YES;
				CLANG_WARN_BLOCK_CAPTURE_AUTORELEASING = YES;
				CLANG_WARN_BOOL_CONVERSION = YES;
				CLANG_WARN_COMMA = YES;
				CLANG_WARN_CONSTANT_CONVERSION = YES;
				CLANG_WARN_DEPRECATED_OBJC_IMPLEMENTATIONS = YES;
				CLANG_WARN_DIRECT_OBJC_ISA_USAGE = YES_ERROR;
				CLANG_WARN_DOCUMENTATION_COMMENTS = YES;
				CLANG_WARN_EMPTY_BODY = YES;
				CLANG_WARN_ENUM_CONVERSION = YES;
				CLANG_WARN_INFINITE_RECURSION = YES;
				CLANG_WARN_INT_CONVERSION = YES;
				CLANG_WARN_NON_LITERAL_NULL_CONVERSION = YES;
				CLANG_WARN_OBJC_IMPLICIT_RETAIN_SELF = YES;
				CLANG_WARN_OBJC_LITERAL_CONVERSION = YES;
				CLANG_WARN_OBJC_ROOT_CLASS = YES_ERROR;
				CLANG_WARN_QUOTED_INCLUDE_IN_FRAMEWORK_HEADER = YES;
				CLANG_WARN_RANGE_LOOP_ANALYSIS = YES;
				CLANG_WARN_STRICT_PROTOTYPES = YES;
				CLANG_WARN_SUSPICIOUS_MOVE = YES;
				CLANG_WARN_UNGUARDED_AVAILABILITY = YES_AGGRESSIVE;
				CLANG_WARN_UNREACHABLE_CODE = YES;
				CLANG_WARN__DUPLICATE_METHOD_MATCH = YES;
				COPY_PHASE_STRIP = NO;
				DEBUG_INFORMATION_FORMAT = "dwarf-with-dsym";
				ENABLE_NS_ASSERTIONS = NO;
				ENABLE_STRICT_OBJC_MSGSEND = YES;
				GCC_C_LANGUAGE_STANDARD = gnu11;
				GCC_NO_COMMON_BLOCKS = YES;
				GCC_WARN_64_TO_32_BIT_CONVERSION = YES;
				GCC_WARN_ABOUT_RETURN_TYPE = YES_ERROR;
				GCC_WARN_UNDECLARED_SELECTOR = YES;
				GCC_WARN_UNINITIALIZED_AUTOS = YES_AGGRESSIVE;
				GCC_WARN_UNUSED_FUNCTION = YES;
				GCC_WARN_UNUSED_VARIABLE = YES;
				IPHONEOS_DEPLOYMENT_TARGET = 14.5;
				MTL_ENABLE_DEBUG_INFO = NO;
				MTL_FAST_MATH = YES;
				SDKROOT = iphoneos;
				SWIFT_COMPILATION_MODE = wholemodule;
				SWIFT_OPTIMIZATION_LEVEL = "-O";
				VALIDATE_PRODUCT = YES;
			};
			name = Release;
		};
		7DB7437126B7A718007D7FF9 /* Debug */ = {
			isa = XCBuildConfiguration;
			buildSettings = {
				ASSETCATALOG_COMPILER_APPICON_NAME = AppIcon;
				ASSETCATALOG_COMPILER_GLOBAL_ACCENT_COLOR_NAME = AccentColor;
				CODE_SIGN_STYLE = Automatic;
				DEVELOPMENT_TEAM = V6G44Y3JGM;
				INFOPLIST_FILE = Brewery/Info.plist;
				LD_RUNPATH_SEARCH_PATHS = (
					"$(inherited)",
					"@executable_path/Frameworks",
				);
				PRODUCT_BUNDLE_IDENTIFIER = "Bo-Young-PARK.Brewery";
				PRODUCT_NAME = "$(TARGET_NAME)";
				SWIFT_VERSION = 5.0;
				TARGETED_DEVICE_FAMILY = "1,2";
			};
			name = Debug;
		};
		7DB7437226B7A718007D7FF9 /* Release */ = {
			isa = XCBuildConfiguration;
			buildSettings = {
				ASSETCATALOG_COMPILER_APPICON_NAME = AppIcon;
				ASSETCATALOG_COMPILER_GLOBAL_ACCENT_COLOR_NAME = AccentColor;
				CODE_SIGN_STYLE = Automatic;
				DEVELOPMENT_TEAM = V6G44Y3JGM;
				INFOPLIST_FILE = Brewery/Info.plist;
				LD_RUNPATH_SEARCH_PATHS = (
					"$(inherited)",
					"@executable_path/Frameworks",
				);
				PRODUCT_BUNDLE_IDENTIFIER = "Bo-Young-PARK.Brewery";
				PRODUCT_NAME = "$(TARGET_NAME)";
				SWIFT_VERSION = 5.0;
				TARGETED_DEVICE_FAMILY = "1,2";
			};
			name = Release;
		};
/* End XCBuildConfiguration section */

/* Begin XCConfigurationList section */
		7DB7435726B7A715007D7FF9 /* Build configuration list for PBXProject "Brewery" */ = {
			isa = XCConfigurationList;
			buildConfigurations = (
				7DB7436E26B7A718007D7FF9 /* Debug */,
				7DB7436F26B7A718007D7FF9 /* Release */,
			);
			defaultConfigurationIsVisible = 0;
			defaultConfigurationName = Release;
		};
		7DB7437026B7A718007D7FF9 /* Build configuration list for PBXNativeTarget "Brewery" */ = {
			isa = XCConfigurationList;
			buildConfigurations = (
				7DB7437126B7A718007D7FF9 /* Debug */,
				7DB7437226B7A718007D7FF9 /* Release */,
			);
			defaultConfigurationIsVisible = 0;
			defaultConfigurationName = Release;
		};
/* End XCConfigurationList section */

/* Begin XCRemoteSwiftPackageReference section */
		7DB7437926B7EBF7007D7FF9 /* XCRemoteSwiftPackageReference "SnapKit" */ = {
			isa = XCRemoteSwiftPackageReference;
			repositoryURL = "https://github.com/SnapKit/SnapKit.git";
			requirement = {
				kind = upToNextMajorVersion;
				minimumVersion = 5.0.1;
			};
		};
		7DB7437C26B7EC8A007D7FF9 /* XCRemoteSwiftPackageReference "Kingfisher" */ = {
			isa = XCRemoteSwiftPackageReference;
			repositoryURL = "https://github.com/onevcat/Kingfisher.git";
			requirement = {
				kind = upToNextMajorVersion;
				minimumVersion = 6.3.0;
			};
		};
/* End XCRemoteSwiftPackageReference section */

/* Begin XCSwiftPackageProductDependency section */
		7DB7437A26B7EBF7007D7FF9 /* SnapKit */ = {
			isa = XCSwiftPackageProductDependency;
			package = 7DB7437926B7EBF7007D7FF9 /* XCRemoteSwiftPackageReference "SnapKit" */;
			productName = SnapKit;
		};
		7DB7437D26B7EC8A007D7FF9 /* Kingfisher */ = {
			isa = XCSwiftPackageProductDependency;
			package = 7DB7437C26B7EC8A007D7FF9 /* XCRemoteSwiftPackageReference "Kingfisher" */;
			productName = Kingfisher;
		};
/* End XCSwiftPackageProductDependency section */
	};
	rootObject = 7DB7435426B7A715007D7FF9 /* Project object */;
}
